{
  "nodes": {
    "hardware-configuration": {
      "flake": false,
      "locked": {
        "narHash": "sha256-YnFcXJpisnIL9NLqUy6jhkGaOByBBqvYGFzy9Yn59yw=",
        "path": "/etc/nixos/hardware-configuration.nix",
        "type": "path"
      },
      "original": {
        "path": "/etc/nixos/hardware-configuration.nix",
        "type": "path"
      }
    },
    "mozilla": {
      "flake": false,
      "locked": {
        "lastModified": 1638887313,
        "narHash": "sha256-FMYV6rVtvSIfthgC1sK1xugh3y7muoQcvduMdriz4ag=",
        "owner": "mozilla",
        "repo": "nixpkgs-mozilla",
        "rev": "7c1e8b1dd6ed0043fb4ee0b12b815256b0b9de6f",
        "type": "github"
      },
      "original": {
        "owner": "mozilla",
        "repo": "nixpkgs-mozilla",
        "type": "github"
      }
    },
    "nixpkgs": {
      "locked": {
        "lastModified": 1639699734,
        "narHash": "sha256-tlX6WebGmiHb2Hmniff+ltYp+7dRfdsBxw9YczLsP60=",
        "owner": "NixOS",
        "repo": "nixpkgs",
        "rev": "03ec468b14067729a285c2c7cfa7b9434a04816c",
        "type": "github"
      },
      "original": {
        "owner": "NixOS",
        "ref": "nixos-unstable",
        "repo": "nixpkgs",
        "type": "github"
      }
    },
    "nur": {
      "locked": {
        "lastModified": 1639907404,
        "narHash": "sha256-xQ4NoGgHtBvZa25AEYIHuaXbgh2LPHSYweI2pnO4l3A=",
        "owner": "nix-community",
        "repo": "NUR",
        "rev": "c943d24d9e84d66030669eff5a2607f2a2a12245",
        "type": "github"
      },
      "original": {
        "owner": "nix-community",
        "repo": "NUR",
        "type": "github"
      }
    },
    "nur-repo-override": {
      "flake": false,
      "locked": {
        "narHash": "sha256-YHOD0lzTpOkY8+hxQpT/QTbsH22jH6P7QYt95LoR0eM=",
        "path": "/home/ilya/nur-repository",
        "type": "path"
      },
      "original": {
        "path": "/home/ilya/nur-repository",
        "type": "path"
      }
    },
    "passwords": {
      "flake": false,
      "locked": {
        "narHash": "sha256-d9sNRudCDJiZncNUQSXuWb8MGwdQqU0DCK/Ylcah+0I=",
        "path": "/etc/nixos/passwords.nix",
        "type": "path"
      },
      "original": {
        "path": "/etc/nixos/passwords.nix",
        "type": "path"
      }
    },
    "root": {
      "inputs": {
        "hardware-configuration": "hardware-configuration",
        "mozilla": "mozilla",
        "nixpkgs": "nixpkgs",
        "nur": "nur",
        "nur-repo-override": "nur-repo-override",
        "passwords": "passwords"
      }
    }
  },
  "root": "root",
  "version": 7
}
