{
  "nodes": {
    "hardware-configuration": {
      "flake": false,
      "locked": {
        "narHash": "sha256-YnFcXJpisnIL9NLqUy6jhkGaOByBBqvYGFzy9Yn59yw=",
        "path": "/etc/nixos/hardware-configuration.nix",
        "type": "path"
      },
      "original": {
        "path": "/etc/nixos/hardware-configuration.nix",
        "type": "path"
      }
    },
    "mozilla": {
      "flake": false,
      "locked": {
        "lastModified": 1629225446,
        "narHash": "sha256-HJX4Pc5ZUAg4apxB/XHuJ+6ukzvRQqeZMjscOBst2bA=",
        "owner": "mozilla",
        "repo": "nixpkgs-mozilla",
        "rev": "0510159186dd2ef46e5464484fbdf119393afa58",
        "type": "github"
      },
      "original": {
        "owner": "mozilla",
        "repo": "nixpkgs-mozilla",
        "type": "github"
      }
    },
    "nixpkgs": {
      "locked": {
        "lastModified": 1629292755,
        "narHash": "sha256-5xMo32NVLnloY9DveqwJO/Cab1+PbTMPqU4WMmawX5M=",
        "owner": "NixOS",
        "repo": "nixpkgs",
        "rev": "253aecf69ed7595aaefabde779aa6449195bebb7",
        "type": "github"
      },
      "original": {
        "owner": "NixOS",
        "ref": "nixos-unstable",
        "repo": "nixpkgs",
        "type": "github"
      }
    },
    "nur": {
      "locked": {
        "lastModified": 1629509057,
        "narHash": "sha256-ydc7/o3hBs6sPkgroyONZjUDKRWZLcqPFhx1Ca1tBYQ=",
        "owner": "nix-community",
        "repo": "NUR",
        "rev": "7bacf632a1b69060afa43571fcb08ce5a149276e",
        "type": "github"
      },
      "original": {
        "owner": "nix-community",
        "repo": "NUR",
        "type": "github"
      }
    },
    "nur-repo-override": {
      "flake": false,
      "locked": {
        "narHash": "sha256-CSA31po6JYwxbsmrDXxNfGSmhLApqPHFDfWlw0wFO4k=",
        "path": "/home/ilya/nur-repository",
        "type": "path"
      },
      "original": {
        "path": "/home/ilya/nur-repository",
        "type": "path"
      }
    },
    "passwords": {
      "flake": false,
      "locked": {
        "narHash": "sha256-d9sNRudCDJiZncNUQSXuWb8MGwdQqU0DCK/Ylcah+0I=",
        "path": "/etc/nixos/passwords.nix",
        "type": "path"
      },
      "original": {
        "path": "/etc/nixos/passwords.nix",
        "type": "path"
      }
    },
    "root": {
      "inputs": {
        "hardware-configuration": "hardware-configuration",
        "mozilla": "mozilla",
        "nixpkgs": "nixpkgs",
        "nur": "nur",
        "nur-repo-override": "nur-repo-override",
        "passwords": "passwords"
      }
    }
  },
  "root": "root",
  "version": 7
}
