{
  "nodes": {
    "hardware-configuration": {
      "flake": false,
      "locked": {
        "narHash": "sha256-YnFcXJpisnIL9NLqUy6jhkGaOByBBqvYGFzy9Yn59yw=",
        "path": "/etc/nixos/hardware-configuration.nix",
        "type": "path"
      },
      "original": {
        "path": "/etc/nixos/hardware-configuration.nix",
        "type": "path"
      }
    },
    "mozilla": {
      "flake": false,
      "locked": {
        "lastModified": 1638887313,
        "narHash": "sha256-FMYV6rVtvSIfthgC1sK1xugh3y7muoQcvduMdriz4ag=",
        "owner": "mozilla",
        "repo": "nixpkgs-mozilla",
        "rev": "7c1e8b1dd6ed0043fb4ee0b12b815256b0b9de6f",
        "type": "github"
      },
      "original": {
        "owner": "mozilla",
        "repo": "nixpkgs-mozilla",
        "type": "github"
      }
    },
    "nixpkgs": {
      "locked": {
        "lastModified": 1639347265,
        "narHash": "sha256-q5feWoC64+h6T6J89o2HJJ8DOnB/4vwMODBlZIgeIlA=",
        "owner": "NixOS",
        "repo": "nixpkgs",
        "rev": "b0bf5f888d377dd2f36d90340df6dc9f035aaada",
        "type": "github"
      },
      "original": {
        "owner": "NixOS",
        "ref": "nixos-unstable",
        "repo": "nixpkgs",
        "type": "github"
      }
    },
    "nur": {
      "locked": {
        "lastModified": 1639468998,
        "narHash": "sha256-Yf9mD/gNn8tIOSKhqVb1SnrAvtWcTQeksfG5MvziLHE=",
        "owner": "nix-community",
        "repo": "NUR",
        "rev": "e125b50459631bb981a0e2ca58503e3ce2809305",
        "type": "github"
      },
      "original": {
        "owner": "nix-community",
        "repo": "NUR",
        "type": "github"
      }
    },
    "nur-repo-override": {
      "flake": false,
      "locked": {
        "narHash": "sha256-JyAG8GOsXIg0jPOSXihH20T08h6hSzVdwa4jaQNHu7I=",
        "path": "/home/ilya/nur-repository",
        "type": "path"
      },
      "original": {
        "path": "/home/ilya/nur-repository",
        "type": "path"
      }
    },
    "passwords": {
      "flake": false,
      "locked": {
        "narHash": "sha256-d9sNRudCDJiZncNUQSXuWb8MGwdQqU0DCK/Ylcah+0I=",
        "path": "/etc/nixos/passwords.nix",
        "type": "path"
      },
      "original": {
        "path": "/etc/nixos/passwords.nix",
        "type": "path"
      }
    },
    "root": {
      "inputs": {
        "hardware-configuration": "hardware-configuration",
        "mozilla": "mozilla",
        "nixpkgs": "nixpkgs",
        "nur": "nur",
        "nur-repo-override": "nur-repo-override",
        "passwords": "passwords"
      }
    }
  },
  "root": "root",
  "version": 7
}
